
Microsoft Visual Studio Solution File, Format Version 12.00
# Visual Studio 14
VisualStudioVersion = 14.0.25420.1
MinimumVisualStudioVersion = 10.0.40219.1
Project("{FAE04EC0-301F-11D3-BF4B-00C04F79EFBC}") = "SciColorMaps", "SciColorMaps\SciColorMaps.csproj", "{52E2BA31-1BEE-4ECD-ADC2-C9189B3C037D}"
EndProject
Project("{FAE04EC0-301F-11D3-BF4B-00C04F79EFBC}") = "SciColorMaps.Demo", "..\SciColorMaps.Demo\SciColorMaps.Demo.csproj", "{54F36A99-3B2B-4644-88EE-B4AA07FD0F61}"
EndProject
Project("{FAE04EC0-301F-11D3-BF4B-00C04F79EFBC}") = "SciColorMaps.Tests", "..\SciColorMaps.Tests\SciColorMaps.Tests.csproj", "{8EDF4429-251A-416D-BB68-93F227191BCF}"
EndProject
Project("{FAE04EC0-301F-11D3-BF4B-00C04F79EFBC}") = "SciColorMaps.Portable", "SciColorMaps.Portable\SciColorMaps.Portable.csproj", "{CAA31C40-C298-4AB3-B022-3134A08BE626}"
EndProject
Project("{FAE04EC0-301F-11D3-BF4B-00C04F79EFBC}") = "SciColorMaps.DemoWpf", "..\SciColorMaps.DemoWpf\SciColorMaps.DemoWpf.csproj", "{941A1DF1-E060-4DBB-9405-9C4E16BEFCF9}"
EndProject
Global
	GlobalSection(SolutionConfigurationPlatforms) = preSolution
		Ad-Hoc|Any CPU = Ad-Hoc|Any CPU
		Ad-Hoc|ARM = Ad-Hoc|ARM
		Ad-Hoc|iPhone = Ad-Hoc|iPhone
		Ad-Hoc|iPhoneSimulator = Ad-Hoc|iPhoneSimulator
		Ad-Hoc|x64 = Ad-Hoc|x64
		Ad-Hoc|x86 = Ad-Hoc|x86
		AppStore|Any CPU = AppStore|Any CPU
		AppStore|ARM = AppStore|ARM
		AppStore|iPhone = AppStore|iPhone
		AppStore|iPhoneSimulator = AppStore|iPhoneSimulator
		AppStore|x64 = AppStore|x64
		AppStore|x86 = AppStore|x86
		Debug|Any CPU = Debug|Any CPU
		Debug|ARM = Debug|ARM
		Debug|iPhone = Debug|iPhone
		Debug|iPhoneSimulator = Debug|iPhoneSimulator
		Debug|x64 = Debug|x64
		Debug|x86 = Debug|x86
		Release|Any CPU = Release|Any CPU
		Release|ARM = Release|ARM
		Release|iPhone = Release|iPhone
		Release|iPhoneSimulator = Release|iPhoneSimulator
		Release|x64 = Release|x64
		Release|x86 = Release|x86
	EndGlobalSection
	GlobalSection(ProjectConfigurationPlatforms) = postSolution
		{52E2BA31-1BEE-4ECD-ADC2-C9189B3C037D}.Ad-Hoc|Any CPU.ActiveCfg = Release|Any CPU
		{52E2BA31-1BEE-4ECD-ADC2-C9189B3C037D}.Ad-Hoc|Any CPU.Build.0 = Release|Any CPU
		{52E2BA31-1BEE-4ECD-ADC2-C9189B3C037D}.Ad-Hoc|ARM.ActiveCfg = Release|Any CPU
		{52E2BA31-1BEE-4ECD-ADC2-C9189B3C037D}.Ad-Hoc|ARM.Build.0 = Release|Any CPU
		{52E2BA31-1BEE-4ECD-ADC2-C9189B3C037D}.Ad-Hoc|iPhone.ActiveCfg = Release|Any CPU
		{52E2BA31-1BEE-4ECD-ADC2-C9189B3C037D}.Ad-Hoc|iPhone.Build.0 = Release|Any CPU
		{52E2BA31-1BEE-4ECD-ADC2-C9189B3C037D}.Ad-Hoc|iPhoneSimulator.ActiveCfg = Release|Any CPU
		{52E2BA31-1BEE-4ECD-ADC2-C9189B3C037D}.Ad-Hoc|iPhoneSimulator.Build.0 = Release|Any CPU
		{52E2BA31-1BEE-4ECD-ADC2-C9189B3C037D}.Ad-Hoc|x64.ActiveCfg = Release|Any CPU
		{52E2BA31-1BEE-4ECD-ADC2-C9189B3C037D}.Ad-Hoc|x64.Build.0 = Release|Any CPU
		{52E2BA31-1BEE-4ECD-ADC2-C9189B3C037D}.Ad-Hoc|x86.ActiveCfg = Release|Any CPU
		{52E2BA31-1BEE-4ECD-ADC2-C9189B3C037D}.Ad-Hoc|x86.Build.0 = Release|Any CPU
		{52E2BA31-1BEE-4ECD-ADC2-C9189B3C037D}.AppStore|Any CPU.ActiveCfg = Release|Any CPU
		{52E2BA31-1BEE-4ECD-ADC2-C9189B3C037D}.AppStore|Any CPU.Build.0 = Release|Any CPU
		{52E2BA31-1BEE-4ECD-ADC2-C9189B3C037D}.AppStore|ARM.ActiveCfg = Release|Any CPU
		{52E2BA31-1BEE-4ECD-ADC2-C9189B3C037D}.AppStore|ARM.Build.0 = Release|Any CPU
		{52E2BA31-1BEE-4ECD-ADC2-C9189B3C037D}.AppStore|iPhone.ActiveCfg = Release|Any CPU
		{52E2BA31-1BEE-4ECD-ADC2-C9189B3C037D}.AppStore|iPhone.Build.0 = Release|Any CPU
		{52E2BA31-1BEE-4ECD-ADC2-C9189B3C037D}.AppStore|iPhoneSimulator.ActiveCfg = Release|Any CPU
		{52E2BA31-1BEE-4ECD-ADC2-C9189B3C037D}.AppStore|iPhoneSimulator.Build.0 = Release|Any CPU
		{52E2BA31-1BEE-4ECD-ADC2-C9189B3C037D}.AppStore|x64.ActiveCfg = Release|Any CPU
		{52E2BA31-1BEE-4ECD-ADC2-C9189B3C037D}.AppStore|x64.Build.0 = Release|Any CPU
		{52E2BA31-1BEE-4ECD-ADC2-C9189B3C037D}.AppStore|x86.ActiveCfg = Release|Any CPU
		{52E2BA31-1BEE-4ECD-ADC2-C9189B3C037D}.AppStore|x86.Build.0 = Release|Any CPU
		{52E2BA31-1BEE-4ECD-ADC2-C9189B3C037D}.Debug|Any CPU.ActiveCfg = Debug|Any CPU
		{52E2BA31-1BEE-4ECD-ADC2-C9189B3C037D}.Debug|Any CPU.Build.0 = Debug|Any CPU
		{52E2BA31-1BEE-4ECD-ADC2-C9189B3C037D}.Debug|ARM.ActiveCfg = Debug|Any CPU
		{52E2BA31-1BEE-4ECD-ADC2-C9189B3C037D}.Debug|ARM.Build.0 = Debug|Any CPU
		{52E2BA31-1BEE-4ECD-ADC2-C9189B3C037D}.Debug|iPhone.ActiveCfg = Debug|Any CPU
		{52E2BA31-1BEE-4ECD-ADC2-C9189B3C037D}.Debug|iPhone.Build.0 = Debug|Any CPU
		{52E2BA31-1BEE-4ECD-ADC2-C9189B3C037D}.Debug|iPhoneSimulator.ActiveCfg = Debug|Any CPU
		{52E2BA31-1BEE-4ECD-ADC2-C9189B3C037D}.Debug|iPhoneSimulator.Build.0 = Debug|Any CPU
		{52E2BA31-1BEE-4ECD-ADC2-C9189B3C037D}.Debug|x64.ActiveCfg = Debug|Any CPU
		{52E2BA31-1BEE-4ECD-ADC2-C9189B3C037D}.Debug|x64.Build.0 = Debug|Any CPU
		{52E2BA31-1BEE-4ECD-ADC2-C9189B3C037D}.Debug|x86.ActiveCfg = Debug|Any CPU
		{52E2BA31-1BEE-4ECD-ADC2-C9189B3C037D}.Debug|x86.Build.0 = Debug|Any CPU
		{52E2BA31-1BEE-4ECD-ADC2-C9189B3C037D}.Release|Any CPU.ActiveCfg = Release|Any CPU
		{52E2BA31-1BEE-4ECD-ADC2-C9189B3C037D}.Release|Any CPU.Build.0 = Release|Any CPU
		{52E2BA31-1BEE-4ECD-ADC2-C9189B3C037D}.Release|ARM.ActiveCfg = Release|Any CPU
		{52E2BA31-1BEE-4ECD-ADC2-C9189B3C037D}.Release|ARM.Build.0 = Release|Any CPU
		{52E2BA31-1BEE-4ECD-ADC2-C9189B3C037D}.Release|iPhone.ActiveCfg = Release|Any CPU
		{52E2BA31-1BEE-4ECD-ADC2-C9189B3C037D}.Release|iPhone.Build.0 = Release|Any CPU
		{52E2BA31-1BEE-4ECD-ADC2-C9189B3C037D}.Release|iPhoneSimulator.ActiveCfg = Release|Any CPU
		{52E2BA31-1BEE-4ECD-ADC2-C9189B3C037D}.Release|iPhoneSimulator.Build.0 = Release|Any CPU
		{52E2BA31-1BEE-4ECD-ADC2-C9189B3C037D}.Release|x64.ActiveCfg = Release|Any CPU
		{52E2BA31-1BEE-4ECD-ADC2-C9189B3C037D}.Release|x64.Build.0 = Release|Any CPU
		{52E2BA31-1BEE-4ECD-ADC2-C9189B3C037D}.Release|x86.ActiveCfg = Release|Any CPU
		{52E2BA31-1BEE-4ECD-ADC2-C9189B3C037D}.Release|x86.Build.0 = Release|Any CPU
		{54F36A99-3B2B-4644-88EE-B4AA07FD0F61}.Ad-Hoc|Any CPU.ActiveCfg = Release|Any CPU
		{54F36A99-3B2B-4644-88EE-B4AA07FD0F61}.Ad-Hoc|Any CPU.Build.0 = Release|Any CPU
		{54F36A99-3B2B-4644-88EE-B4AA07FD0F61}.Ad-Hoc|ARM.ActiveCfg = Release|Any CPU
		{54F36A99-3B2B-4644-88EE-B4AA07FD0F61}.Ad-Hoc|ARM.Build.0 = Release|Any CPU
		{54F36A99-3B2B-4644-88EE-B4AA07FD0F61}.Ad-Hoc|iPhone.ActiveCfg = Release|Any CPU
		{54F36A99-3B2B-4644-88EE-B4AA07FD0F61}.Ad-Hoc|iPhone.Build.0 = Release|Any CPU
		{54F36A99-3B2B-4644-88EE-B4AA07FD0F61}.Ad-Hoc|iPhoneSimulator.ActiveCfg = Release|Any CPU
		{54F36A99-3B2B-4644-88EE-B4AA07FD0F61}.Ad-Hoc|iPhoneSimulator.Build.0 = Release|Any CPU
		{54F36A99-3B2B-4644-88EE-B4AA07FD0F61}.Ad-Hoc|x64.ActiveCfg = Release|Any CPU
		{54F36A99-3B2B-4644-88EE-B4AA07FD0F61}.Ad-Hoc|x64.Build.0 = Release|Any CPU
		{54F36A99-3B2B-4644-88EE-B4AA07FD0F61}.Ad-Hoc|x86.ActiveCfg = Release|Any CPU
		{54F36A99-3B2B-4644-88EE-B4AA07FD0F61}.Ad-Hoc|x86.Build.0 = Release|Any CPU
		{54F36A99-3B2B-4644-88EE-B4AA07FD0F61}.AppStore|Any CPU.ActiveCfg = Release|Any CPU
		{54F36A99-3B2B-4644-88EE-B4AA07FD0F61}.AppStore|Any CPU.Build.0 = Release|Any CPU
		{54F36A99-3B2B-4644-88EE-B4AA07FD0F61}.AppStore|ARM.ActiveCfg = Release|Any CPU
		{54F36A99-3B2B-4644-88EE-B4AA07FD0F61}.AppStore|ARM.Build.0 = Release|Any CPU
		{54F36A99-3B2B-4644-88EE-B4AA07FD0F61}.AppStore|iPhone.ActiveCfg = Release|Any CPU
		{54F36A99-3B2B-4644-88EE-B4AA07FD0F61}.AppStore|iPhone.Build.0 = Release|Any CPU
		{54F36A99-3B2B-4644-88EE-B4AA07FD0F61}.AppStore|iPhoneSimulator.ActiveCfg = Release|Any CPU
		{54F36A99-3B2B-4644-88EE-B4AA07FD0F61}.AppStore|iPhoneSimulator.Build.0 = Release|Any CPU
		{54F36A99-3B2B-4644-88EE-B4AA07FD0F61}.AppStore|x64.ActiveCfg = Release|Any CPU
		{54F36A99-3B2B-4644-88EE-B4AA07FD0F61}.AppStore|x64.Build.0 = Release|Any CPU
		{54F36A99-3B2B-4644-88EE-B4AA07FD0F61}.AppStore|x86.ActiveCfg = Release|Any CPU
		{54F36A99-3B2B-4644-88EE-B4AA07FD0F61}.AppStore|x86.Build.0 = Release|Any CPU
		{54F36A99-3B2B-4644-88EE-B4AA07FD0F61}.Debug|Any CPU.ActiveCfg = Debug|Any CPU
		{54F36A99-3B2B-4644-88EE-B4AA07FD0F61}.Debug|Any CPU.Build.0 = Debug|Any CPU
		{54F36A99-3B2B-4644-88EE-B4AA07FD0F61}.Debug|ARM.ActiveCfg = Debug|Any CPU
		{54F36A99-3B2B-4644-88EE-B4AA07FD0F61}.Debug|ARM.Build.0 = Debug|Any CPU
		{54F36A99-3B2B-4644-88EE-B4AA07FD0F61}.Debug|iPhone.ActiveCfg = Debug|Any CPU
		{54F36A99-3B2B-4644-88EE-B4AA07FD0F61}.Debug|iPhone.Build.0 = Debug|Any CPU
		{54F36A99-3B2B-4644-88EE-B4AA07FD0F61}.Debug|iPhoneSimulator.ActiveCfg = Debug|Any CPU
		{54F36A99-3B2B-4644-88EE-B4AA07FD0F61}.Debug|iPhoneSimulator.Build.0 = Debug|Any CPU
		{54F36A99-3B2B-4644-88EE-B4AA07FD0F61}.Debug|x64.ActiveCfg = Debug|Any CPU
		{54F36A99-3B2B-4644-88EE-B4AA07FD0F61}.Debug|x64.Build.0 = Debug|Any CPU
		{54F36A99-3B2B-4644-88EE-B4AA07FD0F61}.Debug|x86.ActiveCfg = Debug|Any CPU
		{54F36A99-3B2B-4644-88EE-B4AA07FD0F61}.Debug|x86.Build.0 = Debug|Any CPU
		{54F36A99-3B2B-4644-88EE-B4AA07FD0F61}.Release|Any CPU.ActiveCfg = Release|Any CPU
		{54F36A99-3B2B-4644-88EE-B4AA07FD0F61}.Release|Any CPU.Build.0 = Release|Any CPU
		{54F36A99-3B2B-4644-88EE-B4AA07FD0F61}.Release|ARM.ActiveCfg = Release|Any CPU
		{54F36A99-3B2B-4644-88EE-B4AA07FD0F61}.Release|ARM.Build.0 = Release|Any CPU
		{54F36A99-3B2B-4644-88EE-B4AA07FD0F61}.Release|iPhone.ActiveCfg = Release|Any CPU
		{54F36A99-3B2B-4644-88EE-B4AA07FD0F61}.Release|iPhone.Build.0 = Release|Any CPU
		{54F36A99-3B2B-4644-88EE-B4AA07FD0F61}.Release|iPhoneSimulator.ActiveCfg = Release|Any CPU
		{54F36A99-3B2B-4644-88EE-B4AA07FD0F61}.Release|iPhoneSimulator.Build.0 = Release|Any CPU
		{54F36A99-3B2B-4644-88EE-B4AA07FD0F61}.Release|x64.ActiveCfg = Release|Any CPU
		{54F36A99-3B2B-4644-88EE-B4AA07FD0F61}.Release|x64.Build.0 = Release|Any CPU
		{54F36A99-3B2B-4644-88EE-B4AA07FD0F61}.Release|x86.ActiveCfg = Release|Any CPU
		{54F36A99-3B2B-4644-88EE-B4AA07FD0F61}.Release|x86.Build.0 = Release|Any CPU
		{8EDF4429-251A-416D-BB68-93F227191BCF}.Ad-Hoc|Any CPU.ActiveCfg = Release|Any CPU
		{8EDF4429-251A-416D-BB68-93F227191BCF}.Ad-Hoc|Any CPU.Build.0 = Release|Any CPU
		{8EDF4429-251A-416D-BB68-93F227191BCF}.Ad-Hoc|ARM.ActiveCfg = Release|Any CPU
		{8EDF4429-251A-416D-BB68-93F227191BCF}.Ad-Hoc|ARM.Build.0 = Release|Any CPU
		{8EDF4429-251A-416D-BB68-93F227191BCF}.Ad-Hoc|iPhone.ActiveCfg = Release|Any CPU
		{8EDF4429-251A-416D-BB68-93F227191BCF}.Ad-Hoc|iPhone.Build.0 = Release|Any CPU
		{8EDF4429-251A-416D-BB68-93F227191BCF}.Ad-Hoc|iPhoneSimulator.ActiveCfg = Release|Any CPU
		{8EDF4429-251A-416D-BB68-93F227191BCF}.Ad-Hoc|iPhoneSimulator.Build.0 = Release|Any CPU
		{8EDF4429-251A-416D-BB68-93F227191BCF}.Ad-Hoc|x64.ActiveCfg = Release|Any CPU
		{8EDF4429-251A-416D-BB68-93F227191BCF}.Ad-Hoc|x64.Build.0 = Release|Any CPU
		{8EDF4429-251A-416D-BB68-93F227191BCF}.Ad-Hoc|x86.ActiveCfg = Release|Any CPU
		{8EDF4429-251A-416D-BB68-93F227191BCF}.Ad-Hoc|x86.Build.0 = Release|Any CPU
		{8EDF4429-251A-416D-BB68-93F227191BCF}.AppStore|Any CPU.ActiveCfg = Release|Any CPU
		{8EDF4429-251A-416D-BB68-93F227191BCF}.AppStore|Any CPU.Build.0 = Release|Any CPU
		{8EDF4429-251A-416D-BB68-93F227191BCF}.AppStore|ARM.ActiveCfg = Release|Any CPU
		{8EDF4429-251A-416D-BB68-93F227191BCF}.AppStore|ARM.Build.0 = Release|Any CPU
		{8EDF4429-251A-416D-BB68-93F227191BCF}.AppStore|iPhone.ActiveCfg = Release|Any CPU
		{8EDF4429-251A-416D-BB68-93F227191BCF}.AppStore|iPhone.Build.0 = Release|Any CPU
		{8EDF4429-251A-416D-BB68-93F227191BCF}.AppStore|iPhoneSimulator.ActiveCfg = Release|Any CPU
		{8EDF4429-251A-416D-BB68-93F227191BCF}.AppStore|iPhoneSimulator.Build.0 = Release|Any CPU
		{8EDF4429-251A-416D-BB68-93F227191BCF}.AppStore|x64.ActiveCfg = Release|Any CPU
		{8EDF4429-251A-416D-BB68-93F227191BCF}.AppStore|x64.Build.0 = Release|Any CPU
		{8EDF4429-251A-416D-BB68-93F227191BCF}.AppStore|x86.ActiveCfg = Release|Any CPU
		{8EDF4429-251A-416D-BB68-93F227191BCF}.AppStore|x86.Build.0 = Release|Any CPU
		{8EDF4429-251A-416D-BB68-93F227191BCF}.Debug|Any CPU.ActiveCfg = Debug|Any CPU
		{8EDF4429-251A-416D-BB68-93F227191BCF}.Debug|Any CPU.Build.0 = Debug|Any CPU
		{8EDF4429-251A-416D-BB68-93F227191BCF}.Debug|ARM.ActiveCfg = Debug|Any CPU
		{8EDF4429-251A-416D-BB68-93F227191BCF}.Debug|ARM.Build.0 = Debug|Any CPU
		{8EDF4429-251A-416D-BB68-93F227191BCF}.Debug|iPhone.ActiveCfg = Debug|Any CPU
		{8EDF4429-251A-416D-BB68-93F227191BCF}.Debug|iPhone.Build.0 = Debug|Any CPU
		{8EDF4429-251A-416D-BB68-93F227191BCF}.Debug|iPhoneSimulator.ActiveCfg = Debug|Any CPU
		{8EDF4429-251A-416D-BB68-93F227191BCF}.Debug|iPhoneSimulator.Build.0 = Debug|Any CPU
		{8EDF4429-251A-416D-BB68-93F227191BCF}.Debug|x64.ActiveCfg = Debug|Any CPU
		{8EDF4429-251A-416D-BB68-93F227191BCF}.Debug|x64.Build.0 = Debug|Any CPU
		{8EDF4429-251A-416D-BB68-93F227191BCF}.Debug|x86.ActiveCfg = Debug|Any CPU
		{8EDF4429-251A-416D-BB68-93F227191BCF}.Debug|x86.Build.0 = Debug|Any CPU
		{8EDF4429-251A-416D-BB68-93F227191BCF}.Release|Any CPU.ActiveCfg = Release|Any CPU
		{8EDF4429-251A-416D-BB68-93F227191BCF}.Release|Any CPU.Build.0 = Release|Any CPU
		{8EDF4429-251A-416D-BB68-93F227191BCF}.Release|ARM.ActiveCfg = Release|Any CPU
		{8EDF4429-251A-416D-BB68-93F227191BCF}.Release|ARM.Build.0 = Release|Any CPU
		{8EDF4429-251A-416D-BB68-93F227191BCF}.Release|iPhone.ActiveCfg = Release|Any CPU
		{8EDF4429-251A-416D-BB68-93F227191BCF}.Release|iPhone.Build.0 = Release|Any CPU
		{8EDF4429-251A-416D-BB68-93F227191BCF}.Release|iPhoneSimulator.ActiveCfg = Release|Any CPU
		{8EDF4429-251A-416D-BB68-93F227191BCF}.Release|iPhoneSimulator.Build.0 = Release|Any CPU
		{8EDF4429-251A-416D-BB68-93F227191BCF}.Release|x64.ActiveCfg = Release|Any CPU
		{8EDF4429-251A-416D-BB68-93F227191BCF}.Release|x64.Build.0 = Release|Any CPU
		{8EDF4429-251A-416D-BB68-93F227191BCF}.Release|x86.ActiveCfg = Release|Any CPU
		{8EDF4429-251A-416D-BB68-93F227191BCF}.Release|x86.Build.0 = Release|Any CPU
		{CAA31C40-C298-4AB3-B022-3134A08BE626}.Ad-Hoc|Any CPU.ActiveCfg = Release|Any CPU
		{CAA31C40-C298-4AB3-B022-3134A08BE626}.Ad-Hoc|Any CPU.Build.0 = Release|Any CPU
		{CAA31C40-C298-4AB3-B022-3134A08BE626}.Ad-Hoc|ARM.ActiveCfg = Release|Any CPU
		{CAA31C40-C298-4AB3-B022-3134A08BE626}.Ad-Hoc|ARM.Build.0 = Release|Any CPU
		{CAA31C40-C298-4AB3-B022-3134A08BE626}.Ad-Hoc|iPhone.ActiveCfg = Release|Any CPU
		{CAA31C40-C298-4AB3-B022-3134A08BE626}.Ad-Hoc|iPhone.Build.0 = Release|Any CPU
		{CAA31C40-C298-4AB3-B022-3134A08BE626}.Ad-Hoc|iPhoneSimulator.ActiveCfg = Release|Any CPU
		{CAA31C40-C298-4AB3-B022-3134A08BE626}.Ad-Hoc|iPhoneSimulator.Build.0 = Release|Any CPU
		{CAA31C40-C298-4AB3-B022-3134A08BE626}.Ad-Hoc|x64.ActiveCfg = Release|Any CPU
		{CAA31C40-C298-4AB3-B022-3134A08BE626}.Ad-Hoc|x64.Build.0 = Release|Any CPU
		{CAA31C40-C298-4AB3-B022-3134A08BE626}.Ad-Hoc|x86.ActiveCfg = Release|Any CPU
		{CAA31C40-C298-4AB3-B022-3134A08BE626}.Ad-Hoc|x86.Build.0 = Release|Any CPU
		{CAA31C40-C298-4AB3-B022-3134A08BE626}.AppStore|Any CPU.ActiveCfg = Release|Any CPU
		{CAA31C40-C298-4AB3-B022-3134A08BE626}.AppStore|Any CPU.Build.0 = Release|Any CPU
		{CAA31C40-C298-4AB3-B022-3134A08BE626}.AppStore|ARM.ActiveCfg = Release|Any CPU
		{CAA31C40-C298-4AB3-B022-3134A08BE626}.AppStore|ARM.Build.0 = Release|Any CPU
		{CAA31C40-C298-4AB3-B022-3134A08BE626}.AppStore|iPhone.ActiveCfg = Release|Any CPU
		{CAA31C40-C298-4AB3-B022-3134A08BE626}.AppStore|iPhone.Build.0 = Release|Any CPU
		{CAA31C40-C298-4AB3-B022-3134A08BE626}.AppStore|iPhoneSimulator.ActiveCfg = Release|Any CPU
		{CAA31C40-C298-4AB3-B022-3134A08BE626}.AppStore|iPhoneSimulator.Build.0 = Release|Any CPU
		{CAA31C40-C298-4AB3-B022-3134A08BE626}.AppStore|x64.ActiveCfg = Release|Any CPU
		{CAA31C40-C298-4AB3-B022-3134A08BE626}.AppStore|x64.Build.0 = Release|Any CPU
		{CAA31C40-C298-4AB3-B022-3134A08BE626}.AppStore|x86.ActiveCfg = Release|Any CPU
		{CAA31C40-C298-4AB3-B022-3134A08BE626}.AppStore|x86.Build.0 = Release|Any CPU
		{CAA31C40-C298-4AB3-B022-3134A08BE626}.Debug|Any CPU.ActiveCfg = Debug|Any CPU
		{CAA31C40-C298-4AB3-B022-3134A08BE626}.Debug|Any CPU.Build.0 = Debug|Any CPU
		{CAA31C40-C298-4AB3-B022-3134A08BE626}.Debug|ARM.ActiveCfg = Debug|Any CPU
		{CAA31C40-C298-4AB3-B022-3134A08BE626}.Debug|ARM.Build.0 = Debug|Any CPU
		{CAA31C40-C298-4AB3-B022-3134A08BE626}.Debug|iPhone.ActiveCfg = Debug|Any CPU
		{CAA31C40-C298-4AB3-B022-3134A08BE626}.Debug|iPhone.Build.0 = Debug|Any CPU
		{CAA31C40-C298-4AB3-B022-3134A08BE626}.Debug|iPhoneSimulator.ActiveCfg = Debug|Any CPU
		{CAA31C40-C298-4AB3-B022-3134A08BE626}.Debug|iPhoneSimulator.Build.0 = Debug|Any CPU
		{CAA31C40-C298-4AB3-B022-3134A08BE626}.Debug|x64.ActiveCfg = Debug|Any CPU
		{CAA31C40-C298-4AB3-B022-3134A08BE626}.Debug|x64.Build.0 = Debug|Any CPU
		{CAA31C40-C298-4AB3-B022-3134A08BE626}.Debug|x86.ActiveCfg = Debug|Any CPU
		{CAA31C40-C298-4AB3-B022-3134A08BE626}.Debug|x86.Build.0 = Debug|Any CPU
		{CAA31C40-C298-4AB3-B022-3134A08BE626}.Release|Any CPU.ActiveCfg = Release|Any CPU
		{CAA31C40-C298-4AB3-B022-3134A08BE626}.Release|Any CPU.Build.0 = Release|Any CPU
		{CAA31C40-C298-4AB3-B022-3134A08BE626}.Release|ARM.ActiveCfg = Release|Any CPU
		{CAA31C40-C298-4AB3-B022-3134A08BE626}.Release|ARM.Build.0 = Release|Any CPU
		{CAA31C40-C298-4AB3-B022-3134A08BE626}.Release|iPhone.ActiveCfg = Release|Any CPU
		{CAA31C40-C298-4AB3-B022-3134A08BE626}.Release|iPhone.Build.0 = Release|Any CPU
		{CAA31C40-C298-4AB3-B022-3134A08BE626}.Release|iPhoneSimulator.ActiveCfg = Release|Any CPU
		{CAA31C40-C298-4AB3-B022-3134A08BE626}.Release|iPhoneSimulator.Build.0 = Release|Any CPU
		{CAA31C40-C298-4AB3-B022-3134A08BE626}.Release|x64.ActiveCfg = Release|Any CPU
		{CAA31C40-C298-4AB3-B022-3134A08BE626}.Release|x64.Build.0 = Release|Any CPU
		{CAA31C40-C298-4AB3-B022-3134A08BE626}.Release|x86.ActiveCfg = Release|Any CPU
		{CAA31C40-C298-4AB3-B022-3134A08BE626}.Release|x86.Build.0 = Release|Any CPU
		{941A1DF1-E060-4DBB-9405-9C4E16BEFCF9}.Ad-Hoc|Any CPU.ActiveCfg = Release|Any CPU
		{941A1DF1-E060-4DBB-9405-9C4E16BEFCF9}.Ad-Hoc|Any CPU.Build.0 = Release|Any CPU
		{941A1DF1-E060-4DBB-9405-9C4E16BEFCF9}.Ad-Hoc|ARM.ActiveCfg = Release|Any CPU
		{941A1DF1-E060-4DBB-9405-9C4E16BEFCF9}.Ad-Hoc|ARM.Build.0 = Release|Any CPU
		{941A1DF1-E060-4DBB-9405-9C4E16BEFCF9}.Ad-Hoc|iPhone.ActiveCfg = Release|Any CPU
		{941A1DF1-E060-4DBB-9405-9C4E16BEFCF9}.Ad-Hoc|iPhone.Build.0 = Release|Any CPU
		{941A1DF1-E060-4DBB-9405-9C4E16BEFCF9}.Ad-Hoc|iPhoneSimulator.ActiveCfg = Release|Any CPU
		{941A1DF1-E060-4DBB-9405-9C4E16BEFCF9}.Ad-Hoc|iPhoneSimulator.Build.0 = Release|Any CPU
		{941A1DF1-E060-4DBB-9405-9C4E16BEFCF9}.Ad-Hoc|x64.ActiveCfg = Release|Any CPU
		{941A1DF1-E060-4DBB-9405-9C4E16BEFCF9}.Ad-Hoc|x64.Build.0 = Release|Any CPU
		{941A1DF1-E060-4DBB-9405-9C4E16BEFCF9}.Ad-Hoc|x86.ActiveCfg = Release|Any CPU
		{941A1DF1-E060-4DBB-9405-9C4E16BEFCF9}.Ad-Hoc|x86.Build.0 = Release|Any CPU
		{941A1DF1-E060-4DBB-9405-9C4E16BEFCF9}.AppStore|Any CPU.ActiveCfg = Release|Any CPU
		{941A1DF1-E060-4DBB-9405-9C4E16BEFCF9}.AppStore|Any CPU.Build.0 = Release|Any CPU
		{941A1DF1-E060-4DBB-9405-9C4E16BEFCF9}.AppStore|ARM.ActiveCfg = Release|Any CPU
		{941A1DF1-E060-4DBB-9405-9C4E16BEFCF9}.AppStore|ARM.Build.0 = Release|Any CPU
		{941A1DF1-E060-4DBB-9405-9C4E16BEFCF9}.AppStore|iPhone.ActiveCfg = Release|Any CPU
		{941A1DF1-E060-4DBB-9405-9C4E16BEFCF9}.AppStore|iPhone.Build.0 = Release|Any CPU
		{941A1DF1-E060-4DBB-9405-9C4E16BEFCF9}.AppStore|iPhoneSimulator.ActiveCfg = Release|Any CPU
		{941A1DF1-E060-4DBB-9405-9C4E16BEFCF9}.AppStore|iPhoneSimulator.Build.0 = Release|Any CPU
		{941A1DF1-E060-4DBB-9405-9C4E16BEFCF9}.AppStore|x64.ActiveCfg = Release|Any CPU
		{941A1DF1-E060-4DBB-9405-9C4E16BEFCF9}.AppStore|x64.Build.0 = Release|Any CPU
		{941A1DF1-E060-4DBB-9405-9C4E16BEFCF9}.AppStore|x86.ActiveCfg = Release|Any CPU
		{941A1DF1-E060-4DBB-9405-9C4E16BEFCF9}.AppStore|x86.Build.0 = Release|Any CPU
		{941A1DF1-E060-4DBB-9405-9C4E16BEFCF9}.Debug|Any CPU.ActiveCfg = Debug|Any CPU
		{941A1DF1-E060-4DBB-9405-9C4E16BEFCF9}.Debug|Any CPU.Build.0 = Debug|Any CPU
		{941A1DF1-E060-4DBB-9405-9C4E16BEFCF9}.Debug|ARM.ActiveCfg = Debug|Any CPU
		{941A1DF1-E060-4DBB-9405-9C4E16BEFCF9}.Debug|ARM.Build.0 = Debug|Any CPU
		{941A1DF1-E060-4DBB-9405-9C4E16BEFCF9}.Debug|iPhone.ActiveCfg = Debug|Any CPU
		{941A1DF1-E060-4DBB-9405-9C4E16BEFCF9}.Debug|iPhone.Build.0 = Debug|Any CPU
		{941A1DF1-E060-4DBB-9405-9C4E16BEFCF9}.Debug|iPhoneSimulator.ActiveCfg = Debug|Any CPU
		{941A1DF1-E060-4DBB-9405-9C4E16BEFCF9}.Debug|iPhoneSimulator.Build.0 = Debug|Any CPU
		{941A1DF1-E060-4DBB-9405-9C4E16BEFCF9}.Debug|x64.ActiveCfg = Debug|Any CPU
		{941A1DF1-E060-4DBB-9405-9C4E16BEFCF9}.Debug|x64.Build.0 = Debug|Any CPU
		{941A1DF1-E060-4DBB-9405-9C4E16BEFCF9}.Debug|x86.ActiveCfg = Debug|Any CPU
		{941A1DF1-E060-4DBB-9405-9C4E16BEFCF9}.Debug|x86.Build.0 = Debug|Any CPU
		{941A1DF1-E060-4DBB-9405-9C4E16BEFCF9}.Release|Any CPU.ActiveCfg = Release|Any CPU
		{941A1DF1-E060-4DBB-9405-9C4E16BEFCF9}.Release|Any CPU.Build.0 = Release|Any CPU
		{941A1DF1-E060-4DBB-9405-9C4E16BEFCF9}.Release|ARM.ActiveCfg = Release|Any CPU
		{941A1DF1-E060-4DBB-9405-9C4E16BEFCF9}.Release|ARM.Build.0 = Release|Any CPU
		{941A1DF1-E060-4DBB-9405-9C4E16BEFCF9}.Release|iPhone.ActiveCfg = Release|Any CPU
		{941A1DF1-E060-4DBB-9405-9C4E16BEFCF9}.Release|iPhone.Build.0 = Release|Any CPU
		{941A1DF1-E060-4DBB-9405-9C4E16BEFCF9}.Release|iPhoneSimulator.ActiveCfg = Release|Any CPU
		{941A1DF1-E060-4DBB-9405-9C4E16BEFCF9}.Release|iPhoneSimulator.Build.0 = Release|Any CPU
		{941A1DF1-E060-4DBB-9405-9C4E16BEFCF9}.Release|x64.ActiveCfg = Release|Any CPU
		{941A1DF1-E060-4DBB-9405-9C4E16BEFCF9}.Release|x64.Build.0 = Release|Any CPU
		{941A1DF1-E060-4DBB-9405-9C4E16BEFCF9}.Release|x86.ActiveCfg = Release|Any CPU
		{941A1DF1-E060-4DBB-9405-9C4E16BEFCF9}.Release|x86.Build.0 = Release|Any CPU
	EndGlobalSection
	GlobalSection(SolutionProperties) = preSolution
		HideSolutionNode = FALSE
	EndGlobalSection
EndGlobal
